// !$*UTF8*$!
{
	archiveVersion = 1;
	classes = {
	};
	objectVersion = 55;
	objects = {

/* Begin PBXBuildFile section */
		209E12E12883F186006FB3A8 /* AddSongView.swift in Sources */ = {isa = PBXBuildFile; fileRef = 209E12E02883F186006FB3A8 /* AddSongView.swift */; };
		209E12E32883F1CA006FB3A8 /* TextFieldView.swift in Sources */ = {isa = PBXBuildFile; fileRef = 209E12E22883F1CA006FB3A8 /* TextFieldView.swift */; };
		209E12E52883F1F9006FB3A8 /* ViewExtension.swift in Sources */ = {isa = PBXBuildFile; fileRef = 209E12E42883F1F9006FB3A8 /* ViewExtension.swift */; };
		209E12E72883F3F3006FB3A8 /* ConfirmButtonView.swift in Sources */ = {isa = PBXBuildFile; fileRef = 209E12E62883F3F3006FB3A8 /* ConfirmButtonView.swift */; };
		3916A1392883AD0500C21828 /* Song+CoreDataClass.swift in Sources */ = {isa = PBXBuildFile; fileRef = 3916A1352883AD0500C21828 /* Song+CoreDataClass.swift */; };
		3916A13A2883AD0500C21828 /* Song+CoreDataProperties.swift in Sources */ = {isa = PBXBuildFile; fileRef = 3916A1362883AD0500C21828 /* Song+CoreDataProperties.swift */; };
		3916A13B2883AD0500C21828 /* SingingList+CoreDataClass.swift in Sources */ = {isa = PBXBuildFile; fileRef = 3916A1372883AD0500C21828 /* SingingList+CoreDataClass.swift */; };
		3916A13C2883AD0500C21828 /* SingingList+CoreDataProperties.swift in Sources */ = {isa = PBXBuildFile; fileRef = 3916A1382883AD0500C21828 /* SingingList+CoreDataProperties.swift */; };
		3928C59A28A1800F006D3D19 /* CheckboxToggleStyle.swift in Sources */ = {isa = PBXBuildFile; fileRef = 3928C59928A1800F006D3D19 /* CheckboxToggleStyle.swift */; };
		3928C5A028A18962006D3D19 /* FinalConfirmButtonView.swift in Sources */ = {isa = PBXBuildFile; fileRef = 3928C59F28A18962006D3D19 /* FinalConfirmButtonView.swift */; };
		395E629B289C67F900E374B7 /* SingingListToggleView.swift in Sources */ = {isa = PBXBuildFile; fileRef = 395E629A289C67F900E374B7 /* SingingListToggleView.swift */; };
		3992665428A1BC14001849E6 /* SingingListSheetView.swift in Sources */ = {isa = PBXBuildFile; fileRef = 3992665328A1BC14001849E6 /* SingingListSheetView.swift */; };
		3992665628A1BD4D001849E6 /* TestDetailView.swift in Sources */ = {isa = PBXBuildFile; fileRef = 3992665528A1BD4D001849E6 /* TestDetailView.swift */; };
		39DD903128D11CFB0088FEA5 /* CoreDataManager.swift in Sources */ = {isa = PBXBuildFile; fileRef = 39DD903028D11CFB0088FEA5 /* CoreDataManager.swift */; };
		39FE869B28828DBD00D0F24F /* TestModel.swift in Sources */ = {isa = PBXBuildFile; fileRef = 39FE869A28828DBD00D0F24F /* TestModel.swift */; };
		39FE86A62882AD8000D0F24F /* CoreDataInitManager.swift in Sources */ = {isa = PBXBuildFile; fileRef = 39FE86A52882AD8000D0F24F /* CoreDataInitManager.swift */; };
		39FE86AC2882CDE300D0F24F /* Semo.xcdatamodeld in Sources */ = {isa = PBXBuildFile; fileRef = 39FE86AA2882CDE300D0F24F /* Semo.xcdatamodeld */; };
		B2108F1428845A5A002CED9D /* LevelPickerView.swift in Sources */ = {isa = PBXBuildFile; fileRef = B2108F1328845A5A002CED9D /* LevelPickerView.swift */; };
		B2108F1628845A67002CED9D /* TunePickerView.swift in Sources */ = {isa = PBXBuildFile; fileRef = B2108F1528845A67002CED9D /* TunePickerView.swift */; };
		B2108F1A28845AE9002CED9D /* SongInfoView.swift in Sources */ = {isa = PBXBuildFile; fileRef = B2108F1928845AE9002CED9D /* SongInfoView.swift */; };
		B242DEA92886C3D10052031C /* AddMoreInfoView.swift in Sources */ = {isa = PBXBuildFile; fileRef = B242DEA82886C3D10052031C /* AddMoreInfoView.swift */; };
		B247E58E28D8838F0098D1DE /* CustomBackButton.swift in Sources */ = {isa = PBXBuildFile; fileRef = B247E58D28D8838F0098D1DE /* CustomBackButton.swift */; };
		B262DD0D2883F86F00E1B527 /* SongDetailView.swift in Sources */ = {isa = PBXBuildFile; fileRef = B262DD0C2883F86F00E1B527 /* SongDetailView.swift */; };
		B2983F7028A2AF950064C79A /* AddSingingListTagView.swift in Sources */ = {isa = PBXBuildFile; fileRef = B2983F6F28A2AF950064C79A /* AddSingingListTagView.swift */; };
		B2983F7228A2C6E50064C79A /* NavigationUtil.swift in Sources */ = {isa = PBXBuildFile; fileRef = B2983F7128A2C6E50064C79A /* NavigationUtil.swift */; };
		B2A36E322885A6560031D282 /* ContentsTitleView.swift in Sources */ = {isa = PBXBuildFile; fileRef = B2A36E312885A6560031D282 /* ContentsTitleView.swift */; };
		C5200BDEAC2C4BE3A51404E6 /* Pods_Semo.framework in Frameworks */ = {isa = PBXBuildFile; fileRef = 533DF943DAA76770EFE704E6 /* Pods_Semo.framework */; };
		EE01AACF28D9DAD700B13C0F /* DeleteSingingListButtonView.swift in Sources */ = {isa = PBXBuildFile; fileRef = EE01AACE28D9DAD700B13C0F /* DeleteSingingListButtonView.swift */; };
		EE24C72228D1BF2D00F4EBFD /* DeleteSongButtonView.swift in Sources */ = {isa = PBXBuildFile; fileRef = EE24C72128D1BF2D00F4EBFD /* DeleteSongButtonView.swift */; };
		EE6E6DE228A2738B004F030C /* SingingListModalView.swift in Sources */ = {isa = PBXBuildFile; fileRef = EE6E6DE128A2738B004F030C /* SingingListModalView.swift */; };
		EEAD176628828B46009388DD /* SemoApp.swift in Sources */ = {isa = PBXBuildFile; fileRef = EEAD176528828B46009388DD /* SemoApp.swift */; };
		EEAD176A28828B47009388DD /* Assets.xcassets in Resources */ = {isa = PBXBuildFile; fileRef = EEAD176928828B47009388DD /* Assets.xcassets */; };
		EEAD176D28828B47009388DD /* Preview Assets.xcassets in Resources */ = {isa = PBXBuildFile; fileRef = EEAD176C28828B47009388DD /* Preview Assets.xcassets */; };
		EEAD17742882AA2F009388DD /* SongListView.swift in Sources */ = {isa = PBXBuildFile; fileRef = EEAD17732882AA2F009388DD /* SongListView.swift */; };
		EEAD177D2882BE63009388DD /* ColorExtension.swift in Sources */ = {isa = PBXBuildFile; fileRef = EEAD177C2882BE63009388DD /* ColorExtension.swift */; };
		EEAD177F2882DB15009388DD /* SongListCellView.swift in Sources */ = {isa = PBXBuildFile; fileRef = EEAD177E2882DB15009388DD /* SongListCellView.swift */; };
		EEAD17812882E48D009388DD /* SingingListView.swift in Sources */ = {isa = PBXBuildFile; fileRef = EEAD17802882E48D009388DD /* SingingListView.swift */; };
		EEAD17842882E4CD009388DD /* SingingListCellView.swift in Sources */ = {isa = PBXBuildFile; fileRef = EEAD17832882E4CD009388DD /* SingingListCellView.swift */; };
		EEAD17862882FB6C009388DD /* SongEditButtonView.swift in Sources */ = {isa = PBXBuildFile; fileRef = EEAD17852882FB6C009388DD /* SongEditButtonView.swift */; };
		EEB6BDE228E46BD30017297B /* BindingExtension.swift in Sources */ = {isa = PBXBuildFile; fileRef = EEB6BDE128E46BD30017297B /* BindingExtension.swift */; };
		EEC3B54A28839F250036BE34 /* TabBarItemView.swift in Sources */ = {isa = PBXBuildFile; fileRef = EEC3B54928839F250036BE34 /* TabBarItemView.swift */; };
		EEC3B54C28839FB30036BE34 /* TabBarView.swift in Sources */ = {isa = PBXBuildFile; fileRef = EEC3B54B28839FB30036BE34 /* TabBarView.swift */; };
		EEC3B54E2883A79C0036BE34 /* MainView.swift in Sources */ = {isa = PBXBuildFile; fileRef = EEC3B54D2883A79C0036BE34 /* MainView.swift */; };
		EEC3B553288408390036BE34 /* SingingListDetailView.swift in Sources */ = {isa = PBXBuildFile; fileRef = EEC3B552288408390036BE34 /* SingingListDetailView.swift */; };
		EEC3B55728843AE80036BE34 /* AddSongButtonView.swift in Sources */ = {isa = PBXBuildFile; fileRef = EEC3B55628843AE80036BE34 /* AddSongButtonView.swift */; };
		EEC3B55A288441590036BE34 /* SingingListDetailCellView.swift in Sources */ = {isa = PBXBuildFile; fileRef = EEC3B559288441590036BE34 /* SingingListDetailCellView.swift */; };
/* End PBXBuildFile section */

/* Begin PBXFileReference section */
		209E12E02883F186006FB3A8 /* AddSongView.swift */ = {isa = PBXFileReference; lastKnownFileType = sourcecode.swift; path = AddSongView.swift; sourceTree = "<group>"; };
		209E12E22883F1CA006FB3A8 /* TextFieldView.swift */ = {isa = PBXFileReference; lastKnownFileType = sourcecode.swift; path = TextFieldView.swift; sourceTree = "<group>"; };
		209E12E42883F1F9006FB3A8 /* ViewExtension.swift */ = {isa = PBXFileReference; lastKnownFileType = sourcecode.swift; path = ViewExtension.swift; sourceTree = "<group>"; };
		209E12E62883F3F3006FB3A8 /* ConfirmButtonView.swift */ = {isa = PBXFileReference; lastKnownFileType = sourcecode.swift; path = ConfirmButtonView.swift; sourceTree = "<group>"; };
		324780C526FC5F50D6BD8D3A /* Pods-Semo.release.xcconfig */ = {isa = PBXFileReference; includeInIndex = 1; lastKnownFileType = text.xcconfig; name = "Pods-Semo.release.xcconfig"; path = "Target Support Files/Pods-Semo/Pods-Semo.release.xcconfig"; sourceTree = "<group>"; };
		3916A1352883AD0500C21828 /* Song+CoreDataClass.swift */ = {isa = PBXFileReference; lastKnownFileType = sourcecode.swift; path = "Song+CoreDataClass.swift"; sourceTree = "<group>"; };
		3916A1362883AD0500C21828 /* Song+CoreDataProperties.swift */ = {isa = PBXFileReference; lastKnownFileType = sourcecode.swift; path = "Song+CoreDataProperties.swift"; sourceTree = "<group>"; };
		3916A1372883AD0500C21828 /* SingingList+CoreDataClass.swift */ = {isa = PBXFileReference; lastKnownFileType = sourcecode.swift; path = "SingingList+CoreDataClass.swift"; sourceTree = "<group>"; };
		3916A1382883AD0500C21828 /* SingingList+CoreDataProperties.swift */ = {isa = PBXFileReference; lastKnownFileType = sourcecode.swift; path = "SingingList+CoreDataProperties.swift"; sourceTree = "<group>"; };
		3928C59928A1800F006D3D19 /* CheckboxToggleStyle.swift */ = {isa = PBXFileReference; lastKnownFileType = sourcecode.swift; path = CheckboxToggleStyle.swift; sourceTree = "<group>"; };
		3928C59F28A18962006D3D19 /* FinalConfirmButtonView.swift */ = {isa = PBXFileReference; lastKnownFileType = sourcecode.swift; path = FinalConfirmButtonView.swift; sourceTree = "<group>"; };
		395E629A289C67F900E374B7 /* SingingListToggleView.swift */ = {isa = PBXFileReference; lastKnownFileType = sourcecode.swift; path = SingingListToggleView.swift; sourceTree = "<group>"; };
		3992665328A1BC14001849E6 /* SingingListSheetView.swift */ = {isa = PBXFileReference; lastKnownFileType = sourcecode.swift; path = SingingListSheetView.swift; sourceTree = "<group>"; };
		3992665528A1BD4D001849E6 /* TestDetailView.swift */ = {isa = PBXFileReference; lastKnownFileType = sourcecode.swift; path = TestDetailView.swift; sourceTree = "<group>"; };
		39DD903028D11CFB0088FEA5 /* CoreDataManager.swift */ = {isa = PBXFileReference; lastKnownFileType = sourcecode.swift; path = CoreDataManager.swift; sourceTree = "<group>"; };
		39FE869A28828DBD00D0F24F /* TestModel.swift */ = {isa = PBXFileReference; lastKnownFileType = sourcecode.swift; path = TestModel.swift; sourceTree = "<group>"; };
		39FE86A52882AD8000D0F24F /* CoreDataInitManager.swift */ = {isa = PBXFileReference; lastKnownFileType = sourcecode.swift; path = CoreDataInitManager.swift; sourceTree = "<group>"; };
		39FE86AB2882CDE300D0F24F /* Semo.xcdatamodel */ = {isa = PBXFileReference; lastKnownFileType = wrapper.xcdatamodel; path = Semo.xcdatamodel; sourceTree = "<group>"; };
		533DF943DAA76770EFE704E6 /* Pods_Semo.framework */ = {isa = PBXFileReference; explicitFileType = wrapper.framework; includeInIndex = 0; path = Pods_Semo.framework; sourceTree = BUILT_PRODUCTS_DIR; };
		6ABBD324455D15FC10163A3D /* Pods-Semo.debug.xcconfig */ = {isa = PBXFileReference; includeInIndex = 1; lastKnownFileType = text.xcconfig; name = "Pods-Semo.debug.xcconfig"; path = "Target Support Files/Pods-Semo/Pods-Semo.debug.xcconfig"; sourceTree = "<group>"; };
		B2108F1328845A5A002CED9D /* LevelPickerView.swift */ = {isa = PBXFileReference; lastKnownFileType = sourcecode.swift; path = LevelPickerView.swift; sourceTree = "<group>"; };
		B2108F1528845A67002CED9D /* TunePickerView.swift */ = {isa = PBXFileReference; lastKnownFileType = sourcecode.swift; path = TunePickerView.swift; sourceTree = "<group>"; };
		B2108F1928845AE9002CED9D /* SongInfoView.swift */ = {isa = PBXFileReference; lastKnownFileType = sourcecode.swift; path = SongInfoView.swift; sourceTree = "<group>"; };
		B242DEA82886C3D10052031C /* AddMoreInfoView.swift */ = {isa = PBXFileReference; lastKnownFileType = sourcecode.swift; path = AddMoreInfoView.swift; sourceTree = "<group>"; };
		B247E58D28D8838F0098D1DE /* CustomBackButton.swift */ = {isa = PBXFileReference; lastKnownFileType = sourcecode.swift; path = CustomBackButton.swift; sourceTree = "<group>"; };
		B262DD0C2883F86F00E1B527 /* SongDetailView.swift */ = {isa = PBXFileReference; lastKnownFileType = sourcecode.swift; path = SongDetailView.swift; sourceTree = "<group>"; };
		B2983F6F28A2AF950064C79A /* AddSingingListTagView.swift */ = {isa = PBXFileReference; lastKnownFileType = sourcecode.swift; path = AddSingingListTagView.swift; sourceTree = "<group>"; };
		B2983F7128A2C6E50064C79A /* NavigationUtil.swift */ = {isa = PBXFileReference; lastKnownFileType = sourcecode.swift; path = NavigationUtil.swift; sourceTree = "<group>"; };
		B2A36E312885A6560031D282 /* ContentsTitleView.swift */ = {isa = PBXFileReference; lastKnownFileType = sourcecode.swift; path = ContentsTitleView.swift; sourceTree = "<group>"; };
		EE01AACE28D9DAD700B13C0F /* DeleteSingingListButtonView.swift */ = {isa = PBXFileReference; lastKnownFileType = sourcecode.swift; path = DeleteSingingListButtonView.swift; sourceTree = "<group>"; };
		EE24C72128D1BF2D00F4EBFD /* DeleteSongButtonView.swift */ = {isa = PBXFileReference; lastKnownFileType = sourcecode.swift; path = DeleteSongButtonView.swift; sourceTree = "<group>"; };
		EE6E6DE128A2738B004F030C /* SingingListModalView.swift */ = {isa = PBXFileReference; lastKnownFileType = sourcecode.swift; path = SingingListModalView.swift; sourceTree = "<group>"; };
		EEAD176228828B46009388DD /* Semo.app */ = {isa = PBXFileReference; explicitFileType = wrapper.application; includeInIndex = 0; path = Semo.app; sourceTree = BUILT_PRODUCTS_DIR; };
		EEAD176528828B46009388DD /* SemoApp.swift */ = {isa = PBXFileReference; lastKnownFileType = sourcecode.swift; path = SemoApp.swift; sourceTree = "<group>"; };
		EEAD176928828B47009388DD /* Assets.xcassets */ = {isa = PBXFileReference; lastKnownFileType = folder.assetcatalog; path = Assets.xcassets; sourceTree = "<group>"; };
		EEAD176C28828B47009388DD /* Preview Assets.xcassets */ = {isa = PBXFileReference; lastKnownFileType = folder.assetcatalog; path = "Preview Assets.xcassets"; sourceTree = "<group>"; };
		EEAD17732882AA2F009388DD /* SongListView.swift */ = {isa = PBXFileReference; lastKnownFileType = sourcecode.swift; path = SongListView.swift; sourceTree = "<group>"; };
		EEAD177C2882BE63009388DD /* ColorExtension.swift */ = {isa = PBXFileReference; lastKnownFileType = sourcecode.swift; path = ColorExtension.swift; sourceTree = "<group>"; };
		EEAD177E2882DB15009388DD /* SongListCellView.swift */ = {isa = PBXFileReference; lastKnownFileType = sourcecode.swift; path = SongListCellView.swift; sourceTree = "<group>"; };
		EEAD17802882E48D009388DD /* SingingListView.swift */ = {isa = PBXFileReference; lastKnownFileType = sourcecode.swift; path = SingingListView.swift; sourceTree = "<group>"; };
		EEAD17832882E4CD009388DD /* SingingListCellView.swift */ = {isa = PBXFileReference; lastKnownFileType = sourcecode.swift; path = SingingListCellView.swift; sourceTree = "<group>"; };
		EEAD17852882FB6C009388DD /* SongEditButtonView.swift */ = {isa = PBXFileReference; lastKnownFileType = sourcecode.swift; path = SongEditButtonView.swift; sourceTree = "<group>"; };
		EEB6BDE128E46BD30017297B /* BindingExtension.swift */ = {isa = PBXFileReference; lastKnownFileType = sourcecode.swift; path = BindingExtension.swift; sourceTree = "<group>"; };
		EEC3B54928839F250036BE34 /* TabBarItemView.swift */ = {isa = PBXFileReference; lastKnownFileType = sourcecode.swift; path = TabBarItemView.swift; sourceTree = "<group>"; };
		EEC3B54B28839FB30036BE34 /* TabBarView.swift */ = {isa = PBXFileReference; lastKnownFileType = sourcecode.swift; path = TabBarView.swift; sourceTree = "<group>"; };
		EEC3B54D2883A79C0036BE34 /* MainView.swift */ = {isa = PBXFileReference; lastKnownFileType = sourcecode.swift; path = MainView.swift; sourceTree = "<group>"; };
		EEC3B552288408390036BE34 /* SingingListDetailView.swift */ = {isa = PBXFileReference; lastKnownFileType = sourcecode.swift; path = SingingListDetailView.swift; sourceTree = "<group>"; };
		EEC3B55628843AE80036BE34 /* AddSongButtonView.swift */ = {isa = PBXFileReference; lastKnownFileType = sourcecode.swift; path = AddSongButtonView.swift; sourceTree = "<group>"; };
		EEC3B559288441590036BE34 /* SingingListDetailCellView.swift */ = {isa = PBXFileReference; lastKnownFileType = sourcecode.swift; path = SingingListDetailCellView.swift; sourceTree = "<group>"; };
/* End PBXFileReference section */

/* Begin PBXFrameworksBuildPhase section */
		EEAD175F28828B46009388DD /* Frameworks */ = {
			isa = PBXFrameworksBuildPhase;
			buildActionMask = 2147483647;
			files = (
				C5200BDEAC2C4BE3A51404E6 /* Pods_Semo.framework in Frameworks */,
			);
			runOnlyForDeploymentPostprocessing = 0;
		};
/* End PBXFrameworksBuildPhase section */

/* Begin PBXGroup section */
		209E12DF2883F178006FB3A8 /* AddSong */ = {
			isa = PBXGroup;
			children = (
				209E12E02883F186006FB3A8 /* AddSongView.swift */,
				B242DEA82886C3D10052031C /* AddMoreInfoView.swift */,
				B2983F6F28A2AF950064C79A /* AddSingingListTagView.swift */,
			);
			path = AddSong;
			sourceTree = "<group>";
		};
		209E12E82883F51E006FB3A8 /* Others */ = {
			isa = PBXGroup;
			children = (
				209E12E22883F1CA006FB3A8 /* TextFieldView.swift */,
				209E12E62883F3F3006FB3A8 /* ConfirmButtonView.swift */,
				3928C59F28A18962006D3D19 /* FinalConfirmButtonView.swift */,
				B2983F7128A2C6E50064C79A /* NavigationUtil.swift */,
				B247E58D28D8838F0098D1DE /* CustomBackButton.swift */,
			);
			path = Others;
			sourceTree = "<group>";
		};
		35016DB83ACE382A29C8B547 /* Frameworks */ = {
			isa = PBXGroup;
			children = (
				533DF943DAA76770EFE704E6 /* Pods_Semo.framework */,
			);
			name = Frameworks;
			sourceTree = "<group>";
		};
		3928C59B28A186C1006D3D19 /* SingingListSheet */ = {
			isa = PBXGroup;
			children = (
				395E629A289C67F900E374B7 /* SingingListToggleView.swift */,
				3928C59928A1800F006D3D19 /* CheckboxToggleStyle.swift */,
				3992665328A1BC14001849E6 /* SingingListSheetView.swift */,
			);
			path = SingingListSheet;
			sourceTree = "<group>";
		};
		3928C59E28A18916006D3D19 /* Test */ = {
			isa = PBXGroup;
			children = (
				3992665528A1BD4D001849E6 /* TestDetailView.swift */,
			);
			path = Test;
			sourceTree = "<group>";
		};
		39FE869328828D0E00D0F24F /* Views */ = {
			isa = PBXGroup;
			children = (
				EEC3B54D2883A79C0036BE34 /* MainView.swift */,
				B262DD0E288408C400E1B527 /* SongDetail */,
				209E12DF2883F178006FB3A8 /* AddSong */,
				EEC3B54F2883B1990036BE34 /* TabBar */,
				EEAD17752882ABF4009388DD /* AllSongList */,
				EEAD17822882E495009388DD /* SingingList */,
				EEC3B55828843B010036BE34 /* SingingListDetail */,
				209E12E82883F51E006FB3A8 /* Others */,
			);
			path = Views;
			sourceTree = "<group>";
		};
		39FE869528828D1D00D0F24F /* Models */ = {
			isa = PBXGroup;
			children = (
				39FE869A28828DBD00D0F24F /* TestModel.swift */,
			);
			path = Models;
			sourceTree = "<group>";
		};
		39FE869628828D2200D0F24F /* Managers */ = {
			isa = PBXGroup;
			children = (
				39FE86A52882AD8000D0F24F /* CoreDataInitManager.swift */,
				39DD903028D11CFB0088FEA5 /* CoreDataManager.swift */,
			);
			path = Managers;
			sourceTree = "<group>";
		};
		B262DD0E288408C400E1B527 /* SongDetail */ = {
			isa = PBXGroup;
			children = (
				B262DD0C2883F86F00E1B527 /* SongDetailView.swift */,
				B2108F1928845AE9002CED9D /* SongInfoView.swift */,
				B2108F1328845A5A002CED9D /* LevelPickerView.swift */,
				B2108F1528845A67002CED9D /* TunePickerView.swift */,
				B2A36E312885A6560031D282 /* ContentsTitleView.swift */,
			);
			path = SongDetail;
			sourceTree = "<group>";
		};
		E737A7F306AB7D6519D0F6BA /* Pods */ = {
			isa = PBXGroup;
			children = (
				6ABBD324455D15FC10163A3D /* Pods-Semo.debug.xcconfig */,
				324780C526FC5F50D6BD8D3A /* Pods-Semo.release.xcconfig */,
			);
			path = Pods;
			sourceTree = "<group>";
		};
		EEAD175928828B46009388DD = {
			isa = PBXGroup;
			children = (
				3928C59E28A18916006D3D19 /* Test */,
				EEAD176428828B46009388DD /* Semo */,
				EEAD176328828B46009388DD /* Products */,
				E737A7F306AB7D6519D0F6BA /* Pods */,
				35016DB83ACE382A29C8B547 /* Frameworks */,
			);
			sourceTree = "<group>";
		};
		EEAD176328828B46009388DD /* Products */ = {
			isa = PBXGroup;
			children = (
				EEAD176228828B46009388DD /* Semo.app */,
			);
			name = Products;
			sourceTree = "<group>";
		};
		EEAD176428828B46009388DD /* Semo */ = {
			isa = PBXGroup;
			children = (
				3916A1352883AD0500C21828 /* Song+CoreDataClass.swift */,
				3916A1362883AD0500C21828 /* Song+CoreDataProperties.swift */,
				3916A1372883AD0500C21828 /* SingingList+CoreDataClass.swift */,
				3916A1382883AD0500C21828 /* SingingList+CoreDataProperties.swift */,
				39FE86AA2882CDE300D0F24F /* Semo.xcdatamodeld */,
				39FE869628828D2200D0F24F /* Managers */,
				39FE869528828D1D00D0F24F /* Models */,
				39FE869328828D0E00D0F24F /* Views */,
				EEAD177B2882BE1C009388DD /* Extensions */,
				EEAD176528828B46009388DD /* SemoApp.swift */,
				EEAD176928828B47009388DD /* Assets.xcassets */,
				EEAD176B28828B47009388DD /* Preview Content */,
			);
			path = Semo;
			sourceTree = "<group>";
		};
		EEAD176B28828B47009388DD /* Preview Content */ = {
			isa = PBXGroup;
			children = (
				EEAD176C28828B47009388DD /* Preview Assets.xcassets */,
			);
			path = "Preview Content";
			sourceTree = "<group>";
		};
		EEAD17752882ABF4009388DD /* AllSongList */ = {
			isa = PBXGroup;
			children = (
				EEAD17732882AA2F009388DD /* SongListView.swift */,
				EEAD177E2882DB15009388DD /* SongListCellView.swift */,
				EEAD17852882FB6C009388DD /* SongEditButtonView.swift */,
				EE24C72128D1BF2D00F4EBFD /* DeleteSongButtonView.swift */,
			);
			path = AllSongList;
			sourceTree = "<group>";
		};
		EEAD177B2882BE1C009388DD /* Extensions */ = {
			isa = PBXGroup;
			children = (
				EEAD177C2882BE63009388DD /* ColorExtension.swift */,
				209E12E42883F1F9006FB3A8 /* ViewExtension.swift */,
				EEB6BDE128E46BD30017297B /* BindingExtension.swift */,
			);
			path = Extensions;
			sourceTree = "<group>";
		};
		EEAD17822882E495009388DD /* SingingList */ = {
			isa = PBXGroup;
			children = (
				3928C59B28A186C1006D3D19 /* SingingListSheet */,
				EEAD17802882E48D009388DD /* SingingListView.swift */,
				EEAD17832882E4CD009388DD /* SingingListCellView.swift */,
				EE01AACE28D9DAD700B13C0F /* DeleteSingingListButtonView.swift */,
			);
			path = SingingList;
			sourceTree = "<group>";
		};
		EEC3B54F2883B1990036BE34 /* TabBar */ = {
			isa = PBXGroup;
			children = (
				EEC3B54928839F250036BE34 /* TabBarItemView.swift */,
				EEC3B54B28839FB30036BE34 /* TabBarView.swift */,
			);
			path = TabBar;
			sourceTree = "<group>";
		};
		EEC3B55828843B010036BE34 /* SingingListDetail */ = {
			isa = PBXGroup;
			children = (
				EE6E6DE128A2738B004F030C /* SingingListModalView.swift */,
				EEC3B552288408390036BE34 /* SingingListDetailView.swift */,
				EEC3B559288441590036BE34 /* SingingListDetailCellView.swift */,
				EEC3B55628843AE80036BE34 /* AddSongButtonView.swift */,
			);
			path = SingingListDetail;
			sourceTree = "<group>";
		};
/* End PBXGroup section */

/* Begin PBXNativeTarget section */
		EEAD176128828B46009388DD /* Semo */ = {
			isa = PBXNativeTarget;
			buildConfigurationList = EEAD177028828B47009388DD /* Build configuration list for PBXNativeTarget "Semo" */;
			buildPhases = (
				A0159275A22FEEEB37104A00 /* [CP] Check Pods Manifest.lock */,
				EEAD175E28828B46009388DD /* Sources */,
				EEAD175F28828B46009388DD /* Frameworks */,
				EEAD176028828B46009388DD /* Resources */,
				675FCFD6DA4399817B1C4019 /* [CP] Embed Pods Frameworks */,
			);
			buildRules = (
			);
			dependencies = (
			);
			name = Semo;
			productName = Semo;
			productReference = EEAD176228828B46009388DD /* Semo.app */;
			productType = "com.apple.product-type.application";
		};
/* End PBXNativeTarget section */

/* Begin PBXProject section */
		EEAD175A28828B46009388DD /* Project object */ = {
			isa = PBXProject;
			attributes = {
				BuildIndependentTargetsInParallel = 1;
				LastSwiftUpdateCheck = 1340;
				LastUpgradeCheck = 1340;
				TargetAttributes = {
					EEAD176128828B46009388DD = {
						CreatedOnToolsVersion = 13.4.1;
					};
				};
			};
			buildConfigurationList = EEAD175D28828B46009388DD /* Build configuration list for PBXProject "Semo" */;
			compatibilityVersion = "Xcode 13.0";
			developmentRegion = en;
			hasScannedForEncodings = 0;
			knownRegions = (
				en,
				Base,
			);
			mainGroup = EEAD175928828B46009388DD;
			productRefGroup = EEAD176328828B46009388DD /* Products */;
			projectDirPath = "";
			projectRoot = "";
			targets = (
				EEAD176128828B46009388DD /* Semo */,
			);
		};
/* End PBXProject section */

/* Begin PBXResourcesBuildPhase section */
		EEAD176028828B46009388DD /* Resources */ = {
			isa = PBXResourcesBuildPhase;
			buildActionMask = 2147483647;
			files = (
				EEAD176D28828B47009388DD /* Preview Assets.xcassets in Resources */,
				EEAD176A28828B47009388DD /* Assets.xcassets in Resources */,
			);
			runOnlyForDeploymentPostprocessing = 0;
		};
/* End PBXResourcesBuildPhase section */

/* Begin PBXShellScriptBuildPhase section */
		675FCFD6DA4399817B1C4019 /* [CP] Embed Pods Frameworks */ = {
			isa = PBXShellScriptBuildPhase;
			buildActionMask = 2147483647;
			files = (
			);
			inputFileListPaths = (
				"${PODS_ROOT}/Target Support Files/Pods-Semo/Pods-Semo-frameworks-${CONFIGURATION}-input-files.xcfilelist",
			);
			name = "[CP] Embed Pods Frameworks";
			outputFileListPaths = (
				"${PODS_ROOT}/Target Support Files/Pods-Semo/Pods-Semo-frameworks-${CONFIGURATION}-output-files.xcfilelist",
			);
			runOnlyForDeploymentPostprocessing = 0;
			shellPath = /bin/sh;
			shellScript = "\"${PODS_ROOT}/Target Support Files/Pods-Semo/Pods-Semo-frameworks.sh\"\n";
			showEnvVarsInLog = 0;
		};
		A0159275A22FEEEB37104A00 /* [CP] Check Pods Manifest.lock */ = {
			isa = PBXShellScriptBuildPhase;
			buildActionMask = 2147483647;
			files = (
			);
			inputFileListPaths = (
			);
			inputPaths = (
				"${PODS_PODFILE_DIR_PATH}/Podfile.lock",
				"${PODS_ROOT}/Manifest.lock",
			);
			name = "[CP] Check Pods Manifest.lock";
			outputFileListPaths = (
			);
			outputPaths = (
				"$(DERIVED_FILE_DIR)/Pods-Semo-checkManifestLockResult.txt",
			);
			runOnlyForDeploymentPostprocessing = 0;
			shellPath = /bin/sh;
			shellScript = "diff \"${PODS_PODFILE_DIR_PATH}/Podfile.lock\" \"${PODS_ROOT}/Manifest.lock\" > /dev/null\nif [ $? != 0 ] ; then\n    # print error to STDERR\n    echo \"error: The sandbox is not in sync with the Podfile.lock. Run 'pod install' or update your CocoaPods installation.\" >&2\n    exit 1\nfi\n# This output is used by Xcode 'outputs' to avoid re-running this script phase.\necho \"SUCCESS\" > \"${SCRIPT_OUTPUT_FILE_0}\"\n";
			showEnvVarsInLog = 0;
		};
/* End PBXShellScriptBuildPhase section */

/* Begin PBXSourcesBuildPhase section */
		EEAD175E28828B46009388DD /* Sources */ = {
			isa = PBXSourcesBuildPhase;
			buildActionMask = 2147483647;
			files = (
				B2108F1628845A67002CED9D /* TunePickerView.swift in Sources */,
				EEC3B54E2883A79C0036BE34 /* MainView.swift in Sources */,
				B2983F7028A2AF950064C79A /* AddSingingListTagView.swift in Sources */,
				B2108F1A28845AE9002CED9D /* SongInfoView.swift in Sources */,
				EEAD17742882AA2F009388DD /* SongListView.swift in Sources */,
				B2108F1428845A5A002CED9D /* LevelPickerView.swift in Sources */,
				EEC3B54C28839FB30036BE34 /* TabBarView.swift in Sources */,
				EEAD17842882E4CD009388DD /* SingingListCellView.swift in Sources */,
				3992665628A1BD4D001849E6 /* TestDetailView.swift in Sources */,
				EEAD177D2882BE63009388DD /* ColorExtension.swift in Sources */,
				B262DD0D2883F86F00E1B527 /* SongDetailView.swift in Sources */,
				EE6E6DE228A2738B004F030C /* SingingListModalView.swift in Sources */,
				B242DEA92886C3D10052031C /* AddMoreInfoView.swift in Sources */,
				EEC3B54A28839F250036BE34 /* TabBarItemView.swift in Sources */,
				395E629B289C67F900E374B7 /* SingingListToggleView.swift in Sources */,
				EEAD176628828B46009388DD /* SemoApp.swift in Sources */,
				EEAD17812882E48D009388DD /* SingingListView.swift in Sources */,
				B2A36E322885A6560031D282 /* ContentsTitleView.swift in Sources */,
				EEAD177F2882DB15009388DD /* SongListCellView.swift in Sources */,
				EEAD17862882FB6C009388DD /* SongEditButtonView.swift in Sources */,
				39FE86A62882AD8000D0F24F /* CoreDataInitManager.swift in Sources */,
				EEC3B55A288441590036BE34 /* SingingListDetailCellView.swift in Sources */,
				EE24C72228D1BF2D00F4EBFD /* DeleteSongButtonView.swift in Sources */,
				EEC3B55728843AE80036BE34 /* AddSongButtonView.swift in Sources */,
				209E12E32883F1CA006FB3A8 /* TextFieldView.swift in Sources */,
				209E12E72883F3F3006FB3A8 /* ConfirmButtonView.swift in Sources */,
				3992665428A1BC14001849E6 /* SingingListSheetView.swift in Sources */,
				39FE86AC2882CDE300D0F24F /* Semo.xcdatamodeld in Sources */,
				EE01AACF28D9DAD700B13C0F /* DeleteSingingListButtonView.swift in Sources */,
				3916A13C2883AD0500C21828 /* SingingList+CoreDataProperties.swift in Sources */,
				3916A13A2883AD0500C21828 /* Song+CoreDataProperties.swift in Sources */,
				209E12E12883F186006FB3A8 /* AddSongView.swift in Sources */,
				209E12E52883F1F9006FB3A8 /* ViewExtension.swift in Sources */,
				3916A1392883AD0500C21828 /* Song+CoreDataClass.swift in Sources */,
				3928C5A028A18962006D3D19 /* FinalConfirmButtonView.swift in Sources */,
				EEB6BDE228E46BD30017297B /* BindingExtension.swift in Sources */,
				39FE869B28828DBD00D0F24F /* TestModel.swift in Sources */,
				3916A13B2883AD0500C21828 /* SingingList+CoreDataClass.swift in Sources */,
				B2983F7228A2C6E50064C79A /* NavigationUtil.swift in Sources */,
				3928C59A28A1800F006D3D19 /* CheckboxToggleStyle.swift in Sources */,
				B247E58E28D8838F0098D1DE /* CustomBackButton.swift in Sources */,
				39DD903128D11CFB0088FEA5 /* CoreDataManager.swift in Sources */,
				EEC3B553288408390036BE34 /* SingingListDetailView.swift in Sources */,
			);
			runOnlyForDeploymentPostprocessing = 0;
		};
/* End PBXSourcesBuildPhase section */

/* Begin XCBuildConfiguration section */
		EEAD176E28828B47009388DD /* Debug */ = {
			isa = XCBuildConfiguration;
			buildSettings = {
				ALWAYS_SEARCH_USER_PATHS = NO;
				CLANG_ANALYZER_NONNULL = YES;
				CLANG_ANALYZER_NUMBER_OBJECT_CONVERSION = YES_AGGRESSIVE;
				CLANG_CXX_LANGUAGE_STANDARD = "gnu++17";
				CLANG_ENABLE_MODULES = YES;
				CLANG_ENABLE_OBJC_ARC = YES;
				CLANG_ENABLE_OBJC_WEAK = YES;
				CLANG_WARN_BLOCK_CAPTURE_AUTORELEASING = YES;
				CLANG_WARN_BOOL_CONVERSION = YES;
				CLANG_WARN_COMMA = YES;
				CLANG_WARN_CONSTANT_CONVERSION = YES;
				CLANG_WARN_DEPRECATED_OBJC_IMPLEMENTATIONS = YES;
				CLANG_WARN_DIRECT_OBJC_ISA_USAGE = YES_ERROR;
				CLANG_WARN_DOCUMENTATION_COMMENTS = YES;
				CLANG_WARN_EMPTY_BODY = YES;
				CLANG_WARN_ENUM_CONVERSION = YES;
				CLANG_WARN_INFINITE_RECURSION = YES;
				CLANG_WARN_INT_CONVERSION = YES;
				CLANG_WARN_NON_LITERAL_NULL_CONVERSION = YES;
				CLANG_WARN_OBJC_IMPLICIT_RETAIN_SELF = YES;
				CLANG_WARN_OBJC_LITERAL_CONVERSION = YES;
				CLANG_WARN_OBJC_ROOT_CLASS = YES_ERROR;
				CLANG_WARN_QUOTED_INCLUDE_IN_FRAMEWORK_HEADER = YES;
				CLANG_WARN_RANGE_LOOP_ANALYSIS = YES;
				CLANG_WARN_STRICT_PROTOTYPES = YES;
				CLANG_WARN_SUSPICIOUS_MOVE = YES;
				CLANG_WARN_UNGUARDED_AVAILABILITY = YES_AGGRESSIVE;
				CLANG_WARN_UNREACHABLE_CODE = YES;
				CLANG_WARN__DUPLICATE_METHOD_MATCH = YES;
				COPY_PHASE_STRIP = NO;
				DEBUG_INFORMATION_FORMAT = dwarf;
				ENABLE_STRICT_OBJC_MSGSEND = YES;
				ENABLE_TESTABILITY = YES;
				GCC_C_LANGUAGE_STANDARD = gnu11;
				GCC_DYNAMIC_NO_PIC = NO;
				GCC_NO_COMMON_BLOCKS = YES;
				GCC_OPTIMIZATION_LEVEL = 0;
				GCC_PREPROCESSOR_DEFINITIONS = (
					"DEBUG=1",
					"$(inherited)",
				);
				GCC_WARN_64_TO_32_BIT_CONVERSION = YES;
				GCC_WARN_ABOUT_RETURN_TYPE = YES_ERROR;
				GCC_WARN_UNDECLARED_SELECTOR = YES;
				GCC_WARN_UNINITIALIZED_AUTOS = YES_AGGRESSIVE;
				GCC_WARN_UNUSED_FUNCTION = YES;
				GCC_WARN_UNUSED_VARIABLE = YES;
				IPHONEOS_DEPLOYMENT_TARGET = 15.0;
				MTL_ENABLE_DEBUG_INFO = INCLUDE_SOURCE;
				MTL_FAST_MATH = YES;
				ONLY_ACTIVE_ARCH = YES;
				SDKROOT = iphoneos;
				SWIFT_ACTIVE_COMPILATION_CONDITIONS = DEBUG;
				SWIFT_OPTIMIZATION_LEVEL = "-Onone";
			};
			name = Debug;
		};
		EEAD176F28828B47009388DD /* Release */ = {
			isa = XCBuildConfiguration;
			buildSettings = {
				ALWAYS_SEARCH_USER_PATHS = NO;
				CLANG_ANALYZER_NONNULL = YES;
				CLANG_ANALYZER_NUMBER_OBJECT_CONVERSION = YES_AGGRESSIVE;
				CLANG_CXX_LANGUAGE_STANDARD = "gnu++17";
				CLANG_ENABLE_MODULES = YES;
				CLANG_ENABLE_OBJC_ARC = YES;
				CLANG_ENABLE_OBJC_WEAK = YES;
				CLANG_WARN_BLOCK_CAPTURE_AUTORELEASING = YES;
				CLANG_WARN_BOOL_CONVERSION = YES;
				CLANG_WARN_COMMA = YES;
				CLANG_WARN_CONSTANT_CONVERSION = YES;
				CLANG_WARN_DEPRECATED_OBJC_IMPLEMENTATIONS = YES;
				CLANG_WARN_DIRECT_OBJC_ISA_USAGE = YES_ERROR;
				CLANG_WARN_DOCUMENTATION_COMMENTS = YES;
				CLANG_WARN_EMPTY_BODY = YES;
				CLANG_WARN_ENUM_CONVERSION = YES;
				CLANG_WARN_INFINITE_RECURSION = YES;
				CLANG_WARN_INT_CONVERSION = YES;
				CLANG_WARN_NON_LITERAL_NULL_CONVERSION = YES;
				CLANG_WARN_OBJC_IMPLICIT_RETAIN_SELF = YES;
				CLANG_WARN_OBJC_LITERAL_CONVERSION = YES;
				CLANG_WARN_OBJC_ROOT_CLASS = YES_ERROR;
				CLANG_WARN_QUOTED_INCLUDE_IN_FRAMEWORK_HEADER = YES;
				CLANG_WARN_RANGE_LOOP_ANALYSIS = YES;
				CLANG_WARN_STRICT_PROTOTYPES = YES;
				CLANG_WARN_SUSPICIOUS_MOVE = YES;
				CLANG_WARN_UNGUARDED_AVAILABILITY = YES_AGGRESSIVE;
				CLANG_WARN_UNREACHABLE_CODE = YES;
				CLANG_WARN__DUPLICATE_METHOD_MATCH = YES;
				COPY_PHASE_STRIP = NO;
				DEBUG_INFORMATION_FORMAT = "dwarf-with-dsym";
				ENABLE_NS_ASSERTIONS = NO;
				ENABLE_STRICT_OBJC_MSGSEND = YES;
				GCC_C_LANGUAGE_STANDARD = gnu11;
				GCC_NO_COMMON_BLOCKS = YES;
				GCC_WARN_64_TO_32_BIT_CONVERSION = YES;
				GCC_WARN_ABOUT_RETURN_TYPE = YES_ERROR;
				GCC_WARN_UNDECLARED_SELECTOR = YES;
				GCC_WARN_UNINITIALIZED_AUTOS = YES_AGGRESSIVE;
				GCC_WARN_UNUSED_FUNCTION = YES;
				GCC_WARN_UNUSED_VARIABLE = YES;
				IPHONEOS_DEPLOYMENT_TARGET = 15.0;
				MTL_ENABLE_DEBUG_INFO = NO;
				MTL_FAST_MATH = YES;
				SDKROOT = iphoneos;
				SWIFT_COMPILATION_MODE = wholemodule;
				SWIFT_OPTIMIZATION_LEVEL = "-O";
				VALIDATE_PRODUCT = YES;
			};
			name = Release;
		};
		EEAD177128828B47009388DD /* Debug */ = {
			isa = XCBuildConfiguration;
			baseConfigurationReference = 6ABBD324455D15FC10163A3D /* Pods-Semo.debug.xcconfig */;
			buildSettings = {
				ASSETCATALOG_COMPILER_APPICON_NAME = AppIcon;
				ASSETCATALOG_COMPILER_GLOBAL_ACCENT_COLOR_NAME = AccentColor;
				CODE_SIGN_STYLE = Automatic;
				CURRENT_PROJECT_VERSION = 1;
				DEVELOPMENT_ASSET_PATHS = "\"Semo/Preview Content\"";
				DEVELOPMENT_TEAM = KMT22L7NMB;
				ENABLE_PREVIEWS = YES;
				GENERATE_INFOPLIST_FILE = YES;
				INFOPLIST_KEY_UIApplicationSceneManifest_Generation = YES;
				INFOPLIST_KEY_UIApplicationSupportsIndirectInputEvents = YES;
				INFOPLIST_KEY_UILaunchScreen_Generation = YES;
				INFOPLIST_KEY_UISupportedInterfaceOrientations_iPad = "UIInterfaceOrientationPortrait UIInterfaceOrientationPortraitUpsideDown UIInterfaceOrientationLandscapeLeft UIInterfaceOrientationLandscapeRight";
				INFOPLIST_KEY_UISupportedInterfaceOrientations_iPhone = UIInterfaceOrientationPortrait;
				LD_RUNPATH_SEARCH_PATHS = (
					"$(inherited)",
					"@executable_path/Frameworks",
				);
				MARKETING_VERSION = 1.0;
				PRODUCT_BUNDLE_IDENTIFIER = com.jungin.Semo;
				PRODUCT_NAME = "$(TARGET_NAME)";
				SWIFT_EMIT_LOC_STRINGS = YES;
				SWIFT_VERSION = 5.0;
				TARGETED_DEVICE_FAMILY = "1,2";
			};
			name = Debug;
		};
		EEAD177228828B47009388DD /* Release */ = {
			isa = XCBuildConfiguration;
			baseConfigurationReference = 324780C526FC5F50D6BD8D3A /* Pods-Semo.release.xcconfig */;
			buildSettings = {
				ASSETCATALOG_COMPILER_APPICON_NAME = AppIcon;
				ASSETCATALOG_COMPILER_GLOBAL_ACCENT_COLOR_NAME = AccentColor;
				CODE_SIGN_STYLE = Automatic;
				CURRENT_PROJECT_VERSION = 1;
				DEVELOPMENT_ASSET_PATHS = "\"Semo/Preview Content\"";
				DEVELOPMENT_TEAM = KMT22L7NMB;
				ENABLE_PREVIEWS = YES;
				GENERATE_INFOPLIST_FILE = YES;
				INFOPLIST_KEY_UIApplicationSceneManifest_Generation = YES;
				INFOPLIST_KEY_UIApplicationSupportsIndirectInputEvents = YES;
				INFOPLIST_KEY_UILaunchScreen_Generation = YES;
				INFOPLIST_KEY_UISupportedInterfaceOrientations_iPad = "UIInterfaceOrientationPortrait UIInterfaceOrientationPortraitUpsideDown UIInterfaceOrientationLandscapeLeft UIInterfaceOrientationLandscapeRight";
				INFOPLIST_KEY_UISupportedInterfaceOrientations_iPhone = UIInterfaceOrientationPortrait;
				LD_RUNPATH_SEARCH_PATHS = (
					"$(inherited)",
					"@executable_path/Frameworks",
				);
				MARKETING_VERSION = 1.0;
				PRODUCT_BUNDLE_IDENTIFIER = com.jungin.Semo;
				PRODUCT_NAME = "$(TARGET_NAME)";
				SWIFT_EMIT_LOC_STRINGS = YES;
				SWIFT_VERSION = 5.0;
				TARGETED_DEVICE_FAMILY = "1,2";
			};
			name = Release;
		};
/* End XCBuildConfiguration section */

/* Begin XCConfigurationList section */
		EEAD175D28828B46009388DD /* Build configuration list for PBXProject "Semo" */ = {
			isa = XCConfigurationList;
			buildConfigurations = (
				EEAD176E28828B47009388DD /* Debug */,
				EEAD176F28828B47009388DD /* Release */,
			);
			defaultConfigurationIsVisible = 0;
			defaultConfigurationName = Release;
		};
		EEAD177028828B47009388DD /* Build configuration list for PBXNativeTarget "Semo" */ = {
			isa = XCConfigurationList;
			buildConfigurations = (
				EEAD177128828B47009388DD /* Debug */,
				EEAD177228828B47009388DD /* Release */,
			);
			defaultConfigurationIsVisible = 0;
			defaultConfigurationName = Release;
		};
/* End XCConfigurationList section */

/* Begin XCVersionGroup section */
		39FE86AA2882CDE300D0F24F /* Semo.xcdatamodeld */ = {
			isa = XCVersionGroup;
			children = (
				39FE86AB2882CDE300D0F24F /* Semo.xcdatamodel */,
			);
			currentVersion = 39FE86AB2882CDE300D0F24F /* Semo.xcdatamodel */;
			path = Semo.xcdatamodeld;
			sourceTree = SOURCE_ROOT;
			versionGroupType = wrapper.xcdatamodel;
		};
/* End XCVersionGroup section */
	};
	rootObject = EEAD175A28828B46009388DD /* Project object */;
}
